<?xml version="1.0" encoding="utf-8"?>
<Project xmlns="http://schemas.microsoft.com/developer/msbuild/2003">
  <ItemGroup>
    <Filter Include="Form Files">
      <UniqueIdentifier>{99349809-55BA-4b9d-BF79-8FDBB0286EB3}</UniqueIdentifier>
      <Extensions>ui</Extensions>
      <ParseFiles>false</ParseFiles>
    </Filter>
    <Filter Include="Form Files">
      <UniqueIdentifier>{99349809-55BA-4b9d-BF79-8FDBB0286EB3}</UniqueIdentifier>
      <Extensions>ui</Extensions>
      <ParseFiles>false</ParseFiles>
    </Filter>
    <Filter Include="Generated Files">
      <UniqueIdentifier>{71ED8ED8-ACB9-4CE9-BBE1-E00B30144E11}</UniqueIdentifier>
      <Extensions>cpp;c;cxx;moc;h;def;odl;idl;res;</Extensions>
    </Filter>
    <Filter Include="Generated Files">
      <UniqueIdentifier>{71ED8ED8-ACB9-4CE9-BBE1-E00B30144E11}</UniqueIdentifier>
      <Extensions>cpp;c;cxx;moc;h;def;odl;idl;res;</Extensions>
    </Filter>
    <Filter Include="Header Files">
      <UniqueIdentifier>{93995380-89BD-4b04-88EB-625FBE52EBFB}</UniqueIdentifier>
      <Extensions>h;hpp;hxx;hm;inl;inc;xsd</Extensions>
    </Filter>
    <Filter Include="Header Files">
      <UniqueIdentifier>{93995380-89BD-4b04-88EB-625FBE52EBFB}</UniqueIdentifier>
      <Extensions>h;hpp;hxx;hm;inl;inc;xsd</Extensions>
    </Filter>
    <Filter Include="Resource Files">
      <UniqueIdentifier>{D9D6E242-F8AF-46E4-B9FD-80ECBC20BA3E}</UniqueIdentifier>
      <Extensions>qrc;*</Extensions>
      <ParseFiles>false</ParseFiles>
    </Filter>
    <Filter Include="Resource Files">
      <UniqueIdentifier>{D9D6E242-F8AF-46E4-B9FD-80ECBC20BA3E}</UniqueIdentifier>
      <Extensions>qrc;*</Extensions>
      <ParseFiles>false</ParseFiles>
    </Filter>
    <Filter Include="Source Files">
      <UniqueIdentifier>{4FC737F1-C7A5-4376-A066-2A32D752A2FF}</UniqueIdentifier>
      <Extensions>cpp;c;cxx;def;odl;idl;hpj;bat;asm;asmx</Extensions>
    </Filter>
    <Filter Include="Source Files">
      <UniqueIdentifier>{4FC737F1-C7A5-4376-A066-2A32D752A2FF}</UniqueIdentifier>
      <Extensions>cpp;c;cxx;def;odl;idl;hpj;bat;asm;asmx</Extensions>
    </Filter>
  </ItemGroup>
  <ItemGroup>
    <ClCompile Include="source\api\BaiduDiskApi.cpp">
      <Filter>Source Files</Filter>
    </ClCompile>
    <ClCompile Include="source\common\GlobalVariable.cpp">
      <Filter>Source Files</Filter>
    </ClCompile>
    <ClCompile Include="source\api\HttpHelper.cpp">
      <Filter>Source Files</Filter>
    </ClCompile>
    <ClCompile Include="source\UserTokenInfo.cpp">
      <Filter>Source Files</Filter>
    </ClCompile>
    <ClCompile Include="source\colorvalue.cpp">
      <Filter>Source Files</Filter>
    </ClCompile>
    <ClCompile Include="source\editwindow.cpp">
      <Filter>Source Files</Filter>
    </ClCompile>
    <ClCompile Include="source\fixedsizeform.cpp">
      <Filter>Source Files</Filter>
    </ClCompile>
    <ClCompile Include="source\formtimer.cpp">
      <Filter>Source Files</Filter>
    </ClCompile>
    <ClCompile Include="source\main.cpp">
      <Filter>Source Files</Filter>
    </ClCompile>
    <ClCompile Include="source\mainwindow.cpp">
      <Filter>Source Files</Filter>
    </ClCompile>
    <ClCompile Include="source\plabel.cpp">
      <Filter>Source Files</Filter>
    </ClCompile>
    <ClCompile Include="source\screenview.cpp">
      <Filter>Source Files</Filter>
    </ClCompile>
    <ClCompile Include="source\setting.cpp">
      <Filter>Source Files</Filter>
    </ClCompile>
    <ClCompile Include="source\shotcommon.cpp">
      <Filter>Source Files</Filter>
    </ClCompile>
    <ClCompile Include="source\api\wordpressapi.cpp">
      <Filter>Source Files</Filter>
    </ClCompile>
  </ItemGroup>
  <ItemGroup>
    <ClInclude Include="include\api\BaiduDiskApi.h">
      <Filter>Header Files</Filter>
    </ClInclude>
    <ClInclude Include="include\Common\GlobalVariable.h">
      <Filter>Header Files</Filter>
    </ClInclude>
    <ClInclude Include="include\api\HttpHelper.h">
      <Filter>Header Files</Filter>
    </ClInclude>
    <ClInclude Include="include\UserTokenInfo.h">
      <Filter>Header Files</Filter>
    </ClInclude>
    <QtMoc Include="include\colorvalue.h">
      <Filter>Header Files</Filter>
    </QtMoc>
    <QtMoc Include="include\editwindow.h">
      <Filter>Header Files</Filter>
    </QtMoc>
    <QtMoc Include="include\fixedsizeform.h">
      <Filter>Header Files</Filter>
    </QtMoc>
    <QtMoc Include="include\formtimer.h">
      <Filter>Header Files</Filter>
    </QtMoc>
    <QtMoc Include="include\mainwindow.h">
      <Filter>Header Files</Filter>
    </QtMoc>
    <ClInclude Include="include\plabel.h">
      <Filter>Header Files</Filter>
    </ClInclude>
    <QtMoc Include="include\screenview.h">
      <Filter>Header Files</Filter>
    </QtMoc>
    <QtMoc Include="include\setting.h">
      <Filter>Header Files</Filter>
    </QtMoc>
    <ClInclude Include="include\shotcommon.h">
      <Filter>Header Files</Filter>
    </ClInclude>
    <ClInclude Include="include\api\wordpressapi.h">
      <Filter>Header Files</Filter>
    </ClInclude>
    <ClInclude Include="include\ui\ui_colorvalue.h">
      <Filter>Generated Files</Filter>
    </ClInclude>
    <ClInclude Include="include\ui\ui_editwindow.h">
      <Filter>Generated Files</Filter>
    </ClInclude>
    <ClInclude Include="include\ui\ui_fixedsizeform.h">
      <Filter>Generated Files</Filter>
    </ClInclude>
    <ClInclude Include="include\ui\ui_formtimer.h">
      <Filter>Generated Files</Filter>
    </ClInclude>
    <ClInclude Include="include\ui\ui_mainwindow.h">
      <Filter>Generated Files</Filter>
    </ClInclude>
    <ClInclude Include="include\ui\ui_screenview.h">
      <Filter>Generated Files</Filter>
    </ClInclude>
    <ClInclude Include="include\ui\ui_setting.h">
      <Filter>Generated Files</Filter>
    </ClInclude>
  </ItemGroup>
  <ItemGroup>
    <CustomBuild Include="debug\moc_predefs.h.cbt">
      <Filter>Generated Files</Filter>
    </CustomBuild>
    <CustomBuild Include="release\moc_predefs.h.cbt">
      <Filter>Generated Files</Filter>
    </CustomBuild>
  </ItemGroup>
  <ItemGroup>
    <QtUic Include="ui\colorvalue.ui">
      <Filter>Form Files</Filter>
    </QtUic>
    <QtUic Include="ui\editwindow.ui">
      <Filter>Form Files</Filter>
    </QtUic>
    <QtUic Include="ui\fixedsizeform.ui">
      <Filter>Form Files</Filter>
    </QtUic>
    <QtUic Include="ui\formtimer.ui">
      <Filter>Form Files</Filter>
    </QtUic>
    <QtUic Include="ui\mainwindow.ui">
      <Filter>Form Files</Filter>
    </QtUic>
    <QtUic Include="ui\screenview.ui">
      <Filter>Form Files</Filter>
    </QtUic>
    <QtUic Include="ui\setting.ui">
      <Filter>Form Files</Filter>
    </QtUic>
    <QtUic Include="ui\dialog.ui">
      <Filter>Form Files</Filter>
    </QtUic>
  </ItemGroup>
  <ItemGroup>
    <None Include="resource\images\ColorPicker.png">
      <Filter>Resource Files</Filter>
    </None>
    <None Include="resource\images\activewindow.png">
      <Filter>Resource Files</Filter>
    </None>
    <None Include="resource\images\cut.ico">
      <Filter>Resource Files</Filter>
    </None>
    <None Include="resource\images\cut.png">
      <Filter>Resource Files</Filter>
    </None>
    <None Include="resource\images\delay.png">
      <Filter>Resource Files</Filter>
    </None>
    <None Include="resource\images\drawfreedom.png">
      <Filter>Resource Files</Filter>
    </None>
    <None Include="resource\images\enlarge.png">
      <Filter>Resource Files</Filter>
    </None>
    <None Include="resource\images\focus.png">
      <Filter>Resource Files</Filter>
    </None>
    <None Include="resource\images\fullscreen.png">
      <Filter>Resource Files</Filter>
    </None>
    <None Include="resource\images\narrow.png">
      <Filter>Resource Files</Filter>
    </None>
    <None Include="resource\images\narrow_copy.png">
      <Filter>Resource Files</Filter>
    </None>
    <None Include="resource\images\new.png">
      <Filter>Resource Files</Filter>
    </None>
    <None Include="resource\images\open.png">
      <Filter>Resource Files</Filter>
    </None>
    <None Include="resource\images\paintarrow.png">
      <Filter>Resource Files</Filter>
    </None>
    <None Include="resource\images\paintrectangle.png">
      <Filter>Resource Files</Filter>
    </None>
    <None Include="resource\images\rectangle.png">
      <Filter>Resource Files</Filter>
    </None>
    <QtRcc Include="resource\resource.qrc">
      <Filter>Resource Files</Filter>
    </QtRcc>
    <None Include="resource\images\saveother.png">
      <Filter>Resource Files</Filter>
    </None>
    <None Include="resource\images\set.png">
      <Filter>Resource Files</Filter>
    </None>
    <None Include="resource\images\tailoring.png">
      <Filter>Resource Files</Filter>
    </None>
    <None Include="resource\images\upload.png">
      <Filter>Resource Files</Filter>
    </None>
    <None Include="ui\test.qml">
      <Filter>Form Files</Filter>
    </None>
  </ItemGroup>
  <ItemGroup>
    <Image Include="resource\images\vague.png">
      <Filter>Resource Files</Filter>
    </Image>
    <Image Include="resource\images\widget.png">
      <Filter>Resource Files</Filter>
    </Image>
  </ItemGroup>
</Project>